
Microsoft Visual Studio Solution File, Format Version 12.00
# Visual Studio Version 16
VisualStudioVersion = 16.0.31613.86
MinimumVisualStudioVersion = 10.0.40219.1
Project("{8BC9CEB8-8B4A-11D0-8D11-00A0C91BC942}") = "PlatformerRoguelike", "PlatformerRoguelike\PlatformerRoguelike.vcxproj", "{19E2E575-74AC-4F3C-B39C-04EF6851C872}"
EndProject
Project("{8BC9CEB8-8B4A-11D0-8D11-00A0C91BC942}") = "ws-library-initialization", "ws-library-initialization\ws-library-initialization.vcxproj", "{56BA9FB4-82CA-4913-91EC-0A4C28D959C8}"
EndProject
Project("{8BC9CEB8-8B4A-11D0-8D11-00A0C91BC942}") = "ws-system-endian", "ws-system-endian\ws-system-endian.vcxproj", "{221F9E4E-EEB5-45C6-B7E8-3AEF86D116B5}"
EndProject
Project("{8BC9CEB8-8B4A-11D0-8D11-00A0C91BC942}") = "ws-socket-create", "ws-socket-create\ws-socket-create.vcxproj", "{CF66DFB2-4F8A-48DA-BD42-6513DEC1A756}"
EndProject
Project("{8BC9CEB8-8B4A-11D0-8D11-00A0C91BC942}") = "ws-domainip-acquires", "ws-domainip-acquires\ws-domainip-acquires.vcxproj", "{B595C3E8-1F2F-4CEC-A70A-6CD023FDD4B7}"
EndProject
Project("{8BC9CEB8-8B4A-11D0-8D11-00A0C91BC942}") = "ws-first-client", "ws-first-client\ws-first-client.vcxproj", "{8693440F-C0F9-4449-A089-EC9E167FDB8D}"
EndProject
Project("{8BC9CEB8-8B4A-11D0-8D11-00A0C91BC942}") = "ws-first-server", "ws-first-server\ws-first-server.vcxproj", "{F16C116A-9E6F-4458-85BC-4AD65CBEB2EB}"
EndProject
Project("{8BC9CEB8-8B4A-11D0-8D11-00A0C91BC942}") = "ws-portscanner", "ws-portscanner\ws-portscanner.vcxproj", "{3EA50C34-194A-4E69-83B1-46645A8BBD9A}"
EndProject
Project("{8BC9CEB8-8B4A-11D0-8D11-00A0C91BC942}") = "Findme", "Findme\Findme.vcxproj", "{D12E56AF-6DA9-41F0-A5B7-E3D282CF7DFB}"
EndProject
Project("{8BC9CEB8-8B4A-11D0-8D11-00A0C91BC942}") = "ws-multithread-server", "ws-multithread-server\ws-multithread-server.vcxproj", "{DB25B742-B31D-4276-B279-39256BC58165}"
EndProject
Project("{8BC9CEB8-8B4A-11D0-8D11-00A0C91BC942}") = "ws-multithread-client", "ws-multithread-client\ws-multithread-client.vcxproj", "{AD9197D6-BBAC-4DA0-9962-02A3E593C5F9}"
EndProject
Global
	GlobalSection(SolutionConfigurationPlatforms) = preSolution
		Debug|x64 = Debug|x64
		Debug|x86 = Debug|x86
		Release|x64 = Release|x64
		Release|x86 = Release|x86
	EndGlobalSection
	GlobalSection(ProjectConfigurationPlatforms) = postSolution
		{19E2E575-74AC-4F3C-B39C-04EF6851C872}.Debug|x64.ActiveCfg = Debug|x64
		{19E2E575-74AC-4F3C-B39C-04EF6851C872}.Debug|x64.Build.0 = Debug|x64
		{19E2E575-74AC-4F3C-B39C-04EF6851C872}.Debug|x86.ActiveCfg = Debug|Win32
		{19E2E575-74AC-4F3C-B39C-04EF6851C872}.Debug|x86.Build.0 = Debug|Win32
		{19E2E575-74AC-4F3C-B39C-04EF6851C872}.Release|x64.ActiveCfg = Release|x64
		{19E2E575-74AC-4F3C-B39C-04EF6851C872}.Release|x64.Build.0 = Release|x64
		{19E2E575-74AC-4F3C-B39C-04EF6851C872}.Release|x86.ActiveCfg = Release|Win32
		{19E2E575-74AC-4F3C-B39C-04EF6851C872}.Release|x86.Build.0 = Release|Win32
		{56BA9FB4-82CA-4913-91EC-0A4C28D959C8}.Debug|x64.ActiveCfg = Debug|x64
		{56BA9FB4-82CA-4913-91EC-0A4C28D959C8}.Debug|x64.Build.0 = Debug|x64
		{56BA9FB4-82CA-4913-91EC-0A4C28D959C8}.Debug|x86.ActiveCfg = Debug|Win32
		{56BA9FB4-82CA-4913-91EC-0A4C28D959C8}.Debug|x86.Build.0 = Debug|Win32
		{56BA9FB4-82CA-4913-91EC-0A4C28D959C8}.Release|x64.ActiveCfg = Release|x64
		{56BA9FB4-82CA-4913-91EC-0A4C28D959C8}.Release|x64.Build.0 = Release|x64
		{56BA9FB4-82CA-4913-91EC-0A4C28D959C8}.Release|x86.ActiveCfg = Release|Win32
		{56BA9FB4-82CA-4913-91EC-0A4C28D959C8}.Release|x86.Build.0 = Release|Win32
		{221F9E4E-EEB5-45C6-B7E8-3AEF86D116B5}.Debug|x64.ActiveCfg = Debug|x64
		{221F9E4E-EEB5-45C6-B7E8-3AEF86D116B5}.Debug|x64.Build.0 = Debug|x64
		{221F9E4E-EEB5-45C6-B7E8-3AEF86D116B5}.Debug|x86.ActiveCfg = Debug|Win32
		{221F9E4E-EEB5-45C6-B7E8-3AEF86D116B5}.Debug|x86.Build.0 = Debug|Win32
		{221F9E4E-EEB5-45C6-B7E8-3AEF86D116B5}.Release|x64.ActiveCfg = Release|x64
		{221F9E4E-EEB5-45C6-B7E8-3AEF86D116B5}.Release|x64.Build.0 = Release|x64
		{221F9E4E-EEB5-45C6-B7E8-3AEF86D116B5}.Release|x86.ActiveCfg = Release|Win32
		{221F9E4E-EEB5-45C6-B7E8-3AEF86D116B5}.Release|x86.Build.0 = Release|Win32
		{CF66DFB2-4F8A-48DA-BD42-6513DEC1A756}.Debug|x64.ActiveCfg = Debug|x64
		{CF66DFB2-4F8A-48DA-BD42-6513DEC1A756}.Debug|x64.Build.0 = Debug|x64
		{CF66DFB2-4F8A-48DA-BD42-6513DEC1A756}.Debug|x86.ActiveCfg = Debug|Win32
		{CF66DFB2-4F8A-48DA-BD42-6513DEC1A756}.Debug|x86.Build.0 = Debug|Win32
		{CF66DFB2-4F8A-48DA-BD42-6513DEC1A756}.Release|x64.ActiveCfg = Release|x64
		{CF66DFB2-4F8A-48DA-BD42-6513DEC1A756}.Release|x64.Build.0 = Release|x64
		{CF66DFB2-4F8A-48DA-BD42-6513DEC1A756}.Release|x86.ActiveCfg = Release|Win32
		{CF66DFB2-4F8A-48DA-BD42-6513DEC1A756}.Release|x86.Build.0 = Release|Win32
		{B595C3E8-1F2F-4CEC-A70A-6CD023FDD4B7}.Debug|x64.ActiveCfg = Debug|x64
		{B595C3E8-1F2F-4CEC-A70A-6CD023FDD4B7}.Debug|x64.Build.0 = Debug|x64
		{B595C3E8-1F2F-4CEC-A70A-6CD023FDD4B7}.Debug|x86.ActiveCfg = Debug|Win32
		{B595C3E8-1F2F-4CEC-A70A-6CD023FDD4B7}.Debug|x86.Build.0 = Debug|Win32
		{B595C3E8-1F2F-4CEC-A70A-6CD023FDD4B7}.Release|x64.ActiveCfg = Release|x64
		{B595C3E8-1F2F-4CEC-A70A-6CD023FDD4B7}.Release|x64.Build.0 = Release|x64
		{B595C3E8-1F2F-4CEC-A70A-6CD023FDD4B7}.Release|x86.ActiveCfg = Release|Win32
		{B595C3E8-1F2F-4CEC-A70A-6CD023FDD4B7}.Release|x86.Build.0 = Release|Win32
		{8693440F-C0F9-4449-A089-EC9E167FDB8D}.Debug|x64.ActiveCfg = Debug|x64
		{8693440F-C0F9-4449-A089-EC9E167FDB8D}.Debug|x64.Build.0 = Debug|x64
		{8693440F-C0F9-4449-A089-EC9E167FDB8D}.Debug|x86.ActiveCfg = Debug|Win32
		{8693440F-C0F9-4449-A089-EC9E167FDB8D}.Debug|x86.Build.0 = Debug|Win32
		{8693440F-C0F9-4449-A089-EC9E167FDB8D}.Release|x64.ActiveCfg = Release|x64
		{8693440F-C0F9-4449-A089-EC9E167FDB8D}.Release|x64.Build.0 = Release|x64
		{8693440F-C0F9-4449-A089-EC9E167FDB8D}.Release|x86.ActiveCfg = Release|Win32
		{8693440F-C0F9-4449-A089-EC9E167FDB8D}.Release|x86.Build.0 = Release|Win32
		{F16C116A-9E6F-4458-85BC-4AD65CBEB2EB}.Debug|x64.ActiveCfg = Debug|x64
		{F16C116A-9E6F-4458-85BC-4AD65CBEB2EB}.Debug|x64.Build.0 = Debug|x64
		{F16C116A-9E6F-4458-85BC-4AD65CBEB2EB}.Debug|x86.ActiveCfg = Debug|Win32
		{F16C116A-9E6F-4458-85BC-4AD65CBEB2EB}.Debug|x86.Build.0 = Debug|Win32
		{F16C116A-9E6F-4458-85BC-4AD65CBEB2EB}.Release|x64.ActiveCfg = Release|x64
		{F16C116A-9E6F-4458-85BC-4AD65CBEB2EB}.Release|x64.Build.0 = Release|x64
		{F16C116A-9E6F-4458-85BC-4AD65CBEB2EB}.Release|x86.ActiveCfg = Release|Win32
		{F16C116A-9E6F-4458-85BC-4AD65CBEB2EB}.Release|x86.Build.0 = Release|Win32
		{3EA50C34-194A-4E69-83B1-46645A8BBD9A}.Debug|x64.ActiveCfg = Debug|x64
		{3EA50C34-194A-4E69-83B1-46645A8BBD9A}.Debug|x64.Build.0 = Debug|x64
		{3EA50C34-194A-4E69-83B1-46645A8BBD9A}.Debug|x86.ActiveCfg = Debug|Win32
		{3EA50C34-194A-4E69-83B1-46645A8BBD9A}.Debug|x86.Build.0 = Debug|Win32
		{3EA50C34-194A-4E69-83B1-46645A8BBD9A}.Release|x64.ActiveCfg = Release|x64
		{3EA50C34-194A-4E69-83B1-46645A8BBD9A}.Release|x64.Build.0 = Release|x64
		{3EA50C34-194A-4E69-83B1-46645A8BBD9A}.Release|x86.ActiveCfg = Release|Win32
		{3EA50C34-194A-4E69-83B1-46645A8BBD9A}.Release|x86.Build.0 = Release|Win32
		{D12E56AF-6DA9-41F0-A5B7-E3D282CF7DFB}.Debug|x64.ActiveCfg = Debug|x64
		{D12E56AF-6DA9-41F0-A5B7-E3D282CF7DFB}.Debug|x64.Build.0 = Debug|x64
		{D12E56AF-6DA9-41F0-A5B7-E3D282CF7DFB}.Debug|x86.ActiveCfg = Debug|Win32
		{D12E56AF-6DA9-41F0-A5B7-E3D282CF7DFB}.Debug|x86.Build.0 = Debug|Win32
		{D12E56AF-6DA9-41F0-A5B7-E3D282CF7DFB}.Release|x64.ActiveCfg = Release|x64
		{D12E56AF-6DA9-41F0-A5B7-E3D282CF7DFB}.Release|x64.Build.0 = Release|x64
		{D12E56AF-6DA9-41F0-A5B7-E3D282CF7DFB}.Release|x86.ActiveCfg = Release|Win32
		{D12E56AF-6DA9-41F0-A5B7-E3D282CF7DFB}.Release|x86.Build.0 = Release|Win32
		{DB25B742-B31D-4276-B279-39256BC58165}.Debug|x64.ActiveCfg = Debug|x64
		{DB25B742-B31D-4276-B279-39256BC58165}.Debug|x64.Build.0 = Debug|x64
		{DB25B742-B31D-4276-B279-39256BC58165}.Debug|x86.ActiveCfg = Debug|Win32
		{DB25B742-B31D-4276-B279-39256BC58165}.Debug|x86.Build.0 = Debug|Win32
		{DB25B742-B31D-4276-B279-39256BC58165}.Release|x64.ActiveCfg = Release|x64
		{DB25B742-B31D-4276-B279-39256BC58165}.Release|x64.Build.0 = Release|x64
		{DB25B742-B31D-4276-B279-39256BC58165}.Release|x86.ActiveCfg = Release|Win32
		{DB25B742-B31D-4276-B279-39256BC58165}.Release|x86.Build.0 = Release|Win32
		{AD9197D6-BBAC-4DA0-9962-02A3E593C5F9}.Debug|x64.ActiveCfg = Debug|x64
		{AD9197D6-BBAC-4DA0-9962-02A3E593C5F9}.Debug|x64.Build.0 = Debug|x64
		{AD9197D6-BBAC-4DA0-9962-02A3E593C5F9}.Debug|x86.ActiveCfg = Debug|Win32
		{AD9197D6-BBAC-4DA0-9962-02A3E593C5F9}.Debug|x86.Build.0 = Debug|Win32
		{AD9197D6-BBAC-4DA0-9962-02A3E593C5F9}.Release|x64.ActiveCfg = Release|x64
		{AD9197D6-BBAC-4DA0-9962-02A3E593C5F9}.Release|x64.Build.0 = Release|x64
		{AD9197D6-BBAC-4DA0-9962-02A3E593C5F9}.Release|x86.ActiveCfg = Release|Win32
		{AD9197D6-BBAC-4DA0-9962-02A3E593C5F9}.Release|x86.Build.0 = Release|Win32
	EndGlobalSection
	GlobalSection(SolutionProperties) = preSolution
		HideSolutionNode = FALSE
	EndGlobalSection
	GlobalSection(ExtensibilityGlobals) = postSolution
		SolutionGuid = {B6B50641-FE69-42F0-A76B-754EFE374C68}
	EndGlobalSection
EndGlobal
